
Microsoft Visual Studio Solution File, Format Version 12.00
# Visual Studio 15
VisualStudioVersion = 15.0.26430.12
MinimumVisualStudioVersion = 10.0.40219.1
Project("{151D2E53-A2C4-4D7D-83FE-D05416EBD58E}") = "AzureResourceGroup1", "AzureResourceGroup1\AzureResourceGroup1.deployproj", "{5432B4E1-E3E9-468D-948F-F6CE98DAE053}"
EndProject
Global
	GlobalSection(SolutionConfigurationPlatforms) = preSolution
		Debug|Any CPU = Debug|Any CPU
		Release|Any CPU = Release|Any CPU
	EndGlobalSection
	GlobalSection(ProjectConfigurationPlatforms) = postSolution
		{5432B4E1-E3E9-468D-948F-F6CE98DAE053}.Debug|Any CPU.ActiveCfg = Debug|Any CPU
		{5432B4E1-E3E9-468D-948F-F6CE98DAE053}.Debug|Any CPU.Build.0 = Debug|Any CPU
		{5432B4E1-E3E9-468D-948F-F6CE98DAE053}.Release|Any CPU.ActiveCfg = Release|Any CPU
		{5432B4E1-E3E9-468D-948F-F6CE98DAE053}.Release|Any CPU.Build.0 = Release|Any CPU
	EndGlobalSection
	GlobalSection(SolutionProperties) = preSolution
		HideSolutionNode = FALSE
	EndGlobalSection
EndGlobal
